
Microsoft Visual Studio Solution File, Format Version 12.00
# Visual Studio Version 17
VisualStudioVersion = 17.0.31903.59
MinimumVisualStudioVersion = 10.0.40219.1
Project("{FAE04EC0-301F-11D3-BF4B-00C04F79EFBC}") = "ContentValidation", "ContentValidation\ContentValidation.csproj", "{10DA5234-F494-43AF-9C9E-55FAAA8285DA}"
EndProject
Project("{FAE04EC0-301F-11D3-BF4B-00C04F79EFBC}") = "ContentValidation.Test", "ContentValidation.Test\ContentValidation.Test.csproj", "{6D229126-AC9C-442B-A8A8-5981021A99ED}"
EndProject
Project("{FAE04EC0-301F-11D3-BF4B-00C04F79EFBC}") = "DataSource", "DataSource\DataSource.csproj", "{0DEE0A9C-0856-439E-86E7-4E1BC763BC13}"
EndProject
Global
	GlobalSection(SolutionConfigurationPlatforms) = preSolution
		Debug|Any CPU = Debug|Any CPU
		Release|Any CPU = Release|Any CPU
	EndGlobalSection
	GlobalSection(SolutionProperties) = preSolution
		HideSolutionNode = FALSE
	EndGlobalSection
	GlobalSection(ProjectConfigurationPlatforms) = postSolution
		{10DA5234-F494-43AF-9C9E-55FAAA8285DA}.Debug|Any CPU.ActiveCfg = Debug|Any CPU
		{10DA5234-F494-43AF-9C9E-55FAAA8285DA}.Debug|Any CPU.Build.0 = Debug|Any CPU
		{10DA5234-F494-43AF-9C9E-55FAAA8285DA}.Release|Any CPU.ActiveCfg = Release|Any CPU
		{10DA5234-F494-43AF-9C9E-55FAAA8285DA}.Release|Any CPU.Build.0 = Release|Any CPU
		{C3F69547-87DC-4BE7-AD72-CEE1BE86681F}.Debug|Any CPU.ActiveCfg = Debug|Any CPU
		{C3F69547-87DC-4BE7-AD72-CEE1BE86681F}.Debug|Any CPU.Build.0 = Debug|Any CPU
		{C3F69547-87DC-4BE7-AD72-CEE1BE86681F}.Release|Any CPU.ActiveCfg = Release|Any CPU
		{C3F69547-87DC-4BE7-AD72-CEE1BE86681F}.Release|Any CPU.Build.0 = Release|Any CPU
		{6D229126-AC9C-442B-A8A8-5981021A99ED}.Debug|Any CPU.ActiveCfg = Debug|Any CPU
		{6D229126-AC9C-442B-A8A8-5981021A99ED}.Debug|Any CPU.Build.0 = Debug|Any CPU
		{6D229126-AC9C-442B-A8A8-5981021A99ED}.Release|Any CPU.ActiveCfg = Release|Any CPU
		{6D229126-AC9C-442B-A8A8-5981021A99ED}.Release|Any CPU.Build.0 = Release|Any CPU
		{0DEE0A9C-0856-439E-86E7-4E1BC763BC13}.Debug|Any CPU.ActiveCfg = Debug|Any CPU
		{0DEE0A9C-0856-439E-86E7-4E1BC763BC13}.Debug|Any CPU.Build.0 = Debug|Any CPU
		{0DEE0A9C-0856-439E-86E7-4E1BC763BC13}.Release|Any CPU.ActiveCfg = Release|Any CPU
		{0DEE0A9C-0856-439E-86E7-4E1BC763BC13}.Release|Any CPU.Build.0 = Release|Any CPU
	EndGlobalSection
EndGlobal
