
Microsoft Visual Studio Solution File, Format Version 12.00
# Visual Studio Version 17
VisualStudioVersion = 17.5.002.0
MinimumVisualStudioVersion = 10.0.40219.1
Project("{9A19103F-16F7-4668-BE54-9A1E7A4F7556}") = "ValidationRule.Test", "ValidationRule.Test.csproj", "{04C52949-7651-4B53-A28E-CD1DF45B5322}"
EndProject
Global
	GlobalSection(SolutionConfigurationPlatforms) = preSolution
		Debug|Any CPU = Debug|Any CPU
		Release|Any CPU = Release|Any CPU
	EndGlobalSection
	GlobalSection(ProjectConfigurationPlatforms) = postSolution
		{04C52949-7651-4B53-A28E-CD1DF45B5322}.Debug|Any CPU.ActiveCfg = Debug|Any CPU
		{04C52949-7651-4B53-A28E-CD1DF45B5322}.Debug|Any CPU.Build.0 = Debug|Any CPU
		{04C52949-7651-4B53-A28E-CD1DF45B5322}.Release|Any CPU.ActiveCfg = Release|Any CPU
		{04C52949-7651-4B53-A28E-CD1DF45B5322}.Release|Any CPU.Build.0 = Release|Any CPU
	EndGlobalSection
	GlobalSection(SolutionProperties) = preSolution
		HideSolutionNode = FALSE
	EndGlobalSection
	GlobalSection(ExtensibilityGlobals) = postSolution
		SolutionGuid = {96396A60-A275-4121-890A-D530A4E42B7B}
	EndGlobalSection
EndGlobal
